
Microsoft Visual Studio Solution File, Format Version 12.00
# Visual Studio Version 17
VisualStudioVersion = 17.5.33414.496
MinimumVisualStudioVersion = 10.0.40219.1
Project("{9A19103F-16F7-4668-BE54-9A1E7A4F7556}") = "ApplicationWorkSpace", "ApplicationWorkSpace\ApplicationWorkSpace.csproj", "{DBE4C84A-B317-41BD-BC7A-FC82FC3FD421}"
EndProject
Global
	GlobalSection(SolutionConfigurationPlatforms) = preSolution
		Debug|Any CPU = Debug|Any CPU
		Release|Any CPU = Release|Any CPU
	EndGlobalSection
	GlobalSection(ProjectConfigurationPlatforms) = postSolution
		{DBE4C84A-B317-41BD-BC7A-FC82FC3FD421}.Debug|Any CPU.ActiveCfg = Debug|Any CPU
		{DBE4C84A-B317-41BD-BC7A-FC82FC3FD421}.Debug|Any CPU.Build.0 = Debug|Any CPU
		{DBE4C84A-B317-41BD-BC7A-FC82FC3FD421}.Release|Any CPU.ActiveCfg = Release|Any CPU
		{DBE4C84A-B317-41BD-BC7A-FC82FC3FD421}.Release|Any CPU.Build.0 = Release|Any CPU
	EndGlobalSection
	GlobalSection(SolutionProperties) = preSolution
		HideSolutionNode = FALSE
	EndGlobalSection
	GlobalSection(ExtensibilityGlobals) = postSolution
		SolutionGuid = {5798BCFB-7218-4908-AED3-920ED8E1219B}
	EndGlobalSection
EndGlobal
